
Microsoft Visual Studio Solution File, Format Version 12.00
# Visual Studio Version 17
VisualStudioVersion = 17.5.2.0
MinimumVisualStudioVersion = 10.0.40219.1
Project("{FAE04EC0-301F-11D3-BF4B-00C04F79EFBC}") = "SecureFilePipeline.Api", "SecureFilePipeline.Api\SecureFilePipeline.Api.csproj", "{FD4EE978-9280-6B2F-F1CA-91EA266BD2CE}"
EndProject
Project("{FAE04EC0-301F-11D3-BF4B-00C04F79EFBC}") = "SecureFilePipeline.Messaging", "SecureFilePipeline.Messaging\SecureFilePipeline.Messaging.csproj", "{9ABB4A1F-30D0-4033-94DF-5CFDAED12661}"
EndProject
Project("{FAE04EC0-301F-11D3-BF4B-00C04F79EFBC}") = "ClamAvService", "ClamAvService\ClamAvService.csproj", "{6D43C843-5528-44D3-A820-E5803AD1C7D5}"
EndProject
Project("{FAE04EC0-301F-11D3-BF4B-00C04F79EFBC}") = "SecureFilePipeline.ClamAvService", "SecureFilePipeline.ClamAvService\SecureFilePipeline.ClamAvService.csproj", "{5930F18E-257C-4E93-8BCC-B9A986F20EAF}"
EndProject
Project("{FAE04EC0-301F-11D3-BF4B-00C04F79EFBC}") = "SecureFilePipeline.MetadataService", "SecureFilePipeline.MetadataService\SecureFilePipeline.MetadataService.csproj", "{1EE9BFDA-C254-4059-A5B1-341D84E9729B}"
EndProject
Project("{FAE04EC0-301F-11D3-BF4B-00C04F79EFBC}") = "SecureFilePipeline.Shared", "SecureFilePipeline.Shared\SecureFilePipeline.Shared.csproj", "{1E4C587B-9676-4E04-A863-67F86407B7EF}"
EndProject
Global
	GlobalSection(SolutionConfigurationPlatforms) = preSolution
		Debug|Any CPU = Debug|Any CPU
		Debug|x64 = Debug|x64
		Debug|x86 = Debug|x86
		Release|Any CPU = Release|Any CPU
		Release|x64 = Release|x64
		Release|x86 = Release|x86
	EndGlobalSection
	GlobalSection(ProjectConfigurationPlatforms) = postSolution
		{FD4EE978-9280-6B2F-F1CA-91EA266BD2CE}.Debug|Any CPU.ActiveCfg = Debug|Any CPU
		{FD4EE978-9280-6B2F-F1CA-91EA266BD2CE}.Debug|Any CPU.Build.0 = Debug|Any CPU
		{FD4EE978-9280-6B2F-F1CA-91EA266BD2CE}.Debug|x64.ActiveCfg = Debug|Any CPU
		{FD4EE978-9280-6B2F-F1CA-91EA266BD2CE}.Debug|x64.Build.0 = Debug|Any CPU
		{FD4EE978-9280-6B2F-F1CA-91EA266BD2CE}.Debug|x86.ActiveCfg = Debug|Any CPU
		{FD4EE978-9280-6B2F-F1CA-91EA266BD2CE}.Debug|x86.Build.0 = Debug|Any CPU
		{FD4EE978-9280-6B2F-F1CA-91EA266BD2CE}.Release|Any CPU.ActiveCfg = Release|Any CPU
		{FD4EE978-9280-6B2F-F1CA-91EA266BD2CE}.Release|Any CPU.Build.0 = Release|Any CPU
		{FD4EE978-9280-6B2F-F1CA-91EA266BD2CE}.Release|x64.ActiveCfg = Release|Any CPU
		{FD4EE978-9280-6B2F-F1CA-91EA266BD2CE}.Release|x64.Build.0 = Release|Any CPU
		{FD4EE978-9280-6B2F-F1CA-91EA266BD2CE}.Release|x86.ActiveCfg = Release|Any CPU
		{FD4EE978-9280-6B2F-F1CA-91EA266BD2CE}.Release|x86.Build.0 = Release|Any CPU
		{9ABB4A1F-30D0-4033-94DF-5CFDAED12661}.Debug|Any CPU.ActiveCfg = Debug|Any CPU
		{9ABB4A1F-30D0-4033-94DF-5CFDAED12661}.Debug|Any CPU.Build.0 = Debug|Any CPU
		{9ABB4A1F-30D0-4033-94DF-5CFDAED12661}.Debug|x64.ActiveCfg = Debug|Any CPU
		{9ABB4A1F-30D0-4033-94DF-5CFDAED12661}.Debug|x64.Build.0 = Debug|Any CPU
		{9ABB4A1F-30D0-4033-94DF-5CFDAED12661}.Debug|x86.ActiveCfg = Debug|Any CPU
		{9ABB4A1F-30D0-4033-94DF-5CFDAED12661}.Debug|x86.Build.0 = Debug|Any CPU
		{9ABB4A1F-30D0-4033-94DF-5CFDAED12661}.Release|Any CPU.ActiveCfg = Release|Any CPU
		{9ABB4A1F-30D0-4033-94DF-5CFDAED12661}.Release|Any CPU.Build.0 = Release|Any CPU
		{9ABB4A1F-30D0-4033-94DF-5CFDAED12661}.Release|x64.ActiveCfg = Release|Any CPU
		{9ABB4A1F-30D0-4033-94DF-5CFDAED12661}.Release|x64.Build.0 = Release|Any CPU
		{9ABB4A1F-30D0-4033-94DF-5CFDAED12661}.Release|x86.ActiveCfg = Release|Any CPU
		{9ABB4A1F-30D0-4033-94DF-5CFDAED12661}.Release|x86.Build.0 = Release|Any CPU
		{6D43C843-5528-44D3-A820-E5803AD1C7D5}.Debug|Any CPU.ActiveCfg = Debug|Any CPU
		{6D43C843-5528-44D3-A820-E5803AD1C7D5}.Debug|Any CPU.Build.0 = Debug|Any CPU
		{6D43C843-5528-44D3-A820-E5803AD1C7D5}.Debug|x64.ActiveCfg = Debug|Any CPU
		{6D43C843-5528-44D3-A820-E5803AD1C7D5}.Debug|x64.Build.0 = Debug|Any CPU
		{6D43C843-5528-44D3-A820-E5803AD1C7D5}.Debug|x86.ActiveCfg = Debug|Any CPU
		{6D43C843-5528-44D3-A820-E5803AD1C7D5}.Debug|x86.Build.0 = Debug|Any CPU
		{6D43C843-5528-44D3-A820-E5803AD1C7D5}.Release|Any CPU.ActiveCfg = Release|Any CPU
		{6D43C843-5528-44D3-A820-E5803AD1C7D5}.Release|Any CPU.Build.0 = Release|Any CPU
		{6D43C843-5528-44D3-A820-E5803AD1C7D5}.Release|x64.ActiveCfg = Release|Any CPU
		{6D43C843-5528-44D3-A820-E5803AD1C7D5}.Release|x64.Build.0 = Release|Any CPU
		{6D43C843-5528-44D3-A820-E5803AD1C7D5}.Release|x86.ActiveCfg = Release|Any CPU
		{6D43C843-5528-44D3-A820-E5803AD1C7D5}.Release|x86.Build.0 = Release|Any CPU
		{5930F18E-257C-4E93-8BCC-B9A986F20EAF}.Debug|Any CPU.ActiveCfg = Debug|Any CPU
		{5930F18E-257C-4E93-8BCC-B9A986F20EAF}.Debug|Any CPU.Build.0 = Debug|Any CPU
		{5930F18E-257C-4E93-8BCC-B9A986F20EAF}.Debug|x64.ActiveCfg = Debug|Any CPU
		{5930F18E-257C-4E93-8BCC-B9A986F20EAF}.Debug|x64.Build.0 = Debug|Any CPU
		{5930F18E-257C-4E93-8BCC-B9A986F20EAF}.Debug|x86.ActiveCfg = Debug|Any CPU
		{5930F18E-257C-4E93-8BCC-B9A986F20EAF}.Debug|x86.Build.0 = Debug|Any CPU
		{5930F18E-257C-4E93-8BCC-B9A986F20EAF}.Release|Any CPU.ActiveCfg = Release|Any CPU
		{5930F18E-257C-4E93-8BCC-B9A986F20EAF}.Release|Any CPU.Build.0 = Release|Any CPU
		{5930F18E-257C-4E93-8BCC-B9A986F20EAF}.Release|x64.ActiveCfg = Release|Any CPU
		{5930F18E-257C-4E93-8BCC-B9A986F20EAF}.Release|x64.Build.0 = Release|Any CPU
		{5930F18E-257C-4E93-8BCC-B9A986F20EAF}.Release|x86.ActiveCfg = Release|Any CPU
		{5930F18E-257C-4E93-8BCC-B9A986F20EAF}.Release|x86.Build.0 = Release|Any CPU
		{1EE9BFDA-C254-4059-A5B1-341D84E9729B}.Debug|Any CPU.ActiveCfg = Debug|Any CPU
		{1EE9BFDA-C254-4059-A5B1-341D84E9729B}.Debug|Any CPU.Build.0 = Debug|Any CPU
		{1EE9BFDA-C254-4059-A5B1-341D84E9729B}.Debug|x64.ActiveCfg = Debug|Any CPU
		{1EE9BFDA-C254-4059-A5B1-341D84E9729B}.Debug|x64.Build.0 = Debug|Any CPU
		{1EE9BFDA-C254-4059-A5B1-341D84E9729B}.Debug|x86.ActiveCfg = Debug|Any CPU
		{1EE9BFDA-C254-4059-A5B1-341D84E9729B}.Debug|x86.Build.0 = Debug|Any CPU
		{1EE9BFDA-C254-4059-A5B1-341D84E9729B}.Release|Any CPU.ActiveCfg = Release|Any CPU
		{1EE9BFDA-C254-4059-A5B1-341D84E9729B}.Release|Any CPU.Build.0 = Release|Any CPU
		{1EE9BFDA-C254-4059-A5B1-341D84E9729B}.Release|x64.ActiveCfg = Release|Any CPU
		{1EE9BFDA-C254-4059-A5B1-341D84E9729B}.Release|x64.Build.0 = Release|Any CPU
		{1EE9BFDA-C254-4059-A5B1-341D84E9729B}.Release|x86.ActiveCfg = Release|Any CPU
		{1EE9BFDA-C254-4059-A5B1-341D84E9729B}.Release|x86.Build.0 = Release|Any CPU
		{1E4C587B-9676-4E04-A863-67F86407B7EF}.Debug|Any CPU.ActiveCfg = Debug|Any CPU
		{1E4C587B-9676-4E04-A863-67F86407B7EF}.Debug|Any CPU.Build.0 = Debug|Any CPU
		{1E4C587B-9676-4E04-A863-67F86407B7EF}.Debug|x64.ActiveCfg = Debug|Any CPU
		{1E4C587B-9676-4E04-A863-67F86407B7EF}.Debug|x64.Build.0 = Debug|Any CPU
		{1E4C587B-9676-4E04-A863-67F86407B7EF}.Debug|x86.ActiveCfg = Debug|Any CPU
		{1E4C587B-9676-4E04-A863-67F86407B7EF}.Debug|x86.Build.0 = Debug|Any CPU
		{1E4C587B-9676-4E04-A863-67F86407B7EF}.Release|Any CPU.ActiveCfg = Release|Any CPU
		{1E4C587B-9676-4E04-A863-67F86407B7EF}.Release|Any CPU.Build.0 = Release|Any CPU
		{1E4C587B-9676-4E04-A863-67F86407B7EF}.Release|x64.ActiveCfg = Release|Any CPU
		{1E4C587B-9676-4E04-A863-67F86407B7EF}.Release|x64.Build.0 = Release|Any CPU
		{1E4C587B-9676-4E04-A863-67F86407B7EF}.Release|x86.ActiveCfg = Release|Any CPU
		{1E4C587B-9676-4E04-A863-67F86407B7EF}.Release|x86.Build.0 = Release|Any CPU
	EndGlobalSection
	GlobalSection(SolutionProperties) = preSolution
		HideSolutionNode = FALSE
	EndGlobalSection
	GlobalSection(ExtensibilityGlobals) = postSolution
		SolutionGuid = {8A4CD6F2-7679-41B0-8628-EB77BDB010C7}
	EndGlobalSection
EndGlobal
