Microsoft Visual Studio Solution File, Format Version 12.00
# Visual Studio Version 17
VisualStudioVersion = 17.5.2.0
MinimumVisualStudioVersion = 10.0.40219.1
Project("{FAE04EC0-301F-11D3-BF4B-00C04F79EFBC}") = "SecureFilePipeline.Api", "SecureFilePipeline.Api\SecureFilePipeline.Api.csproj", "{FD4EE978-9280-6B2F-F1CA-91EA266BD2CE}"
EndProject
Global
	GlobalSection(SolutionConfigurationPlatforms) = preSolution
		Debug|Any CPU = Debug|Any CPU
		Release|Any CPU = Release|Any CPU
	EndGlobalSection
	GlobalSection(ProjectConfigurationPlatforms) = postSolution
		{FD4EE978-9280-6B2F-F1CA-91EA266BD2CE}.Debug|Any CPU.ActiveCfg = Debug|Any CPU
		{FD4EE978-9280-6B2F-F1CA-91EA266BD2CE}.Debug|Any CPU.Build.0 = Debug|Any CPU
		{FD4EE978-9280-6B2F-F1CA-91EA266BD2CE}.Release|Any CPU.ActiveCfg = Release|Any CPU
		{FD4EE978-9280-6B2F-F1CA-91EA266BD2CE}.Release|Any CPU.Build.0 = Release|Any CPU
	EndGlobalSection
	GlobalSection(SolutionProperties) = preSolution
		HideSolutionNode = FALSE
	EndGlobalSection
	GlobalSection(ExtensibilityGlobals) = postSolution
		SolutionGuid = {8A4CD6F2-7679-41B0-8628-EB77BDB010C7}
	EndGlobalSection
EndGlobal
